
Microsoft Visual Studio Solution File, Format Version 12.00
# Visual Studio Version 16
VisualStudioVersion = 16.0.28721.148
MinimumVisualStudioVersion = 10.0.40219.1
Project("{FAE04EC0-301F-11D3-BF4B-00C04F79EFBC}") = "MVCparcial", "MVCparcial\MVCparcial.csproj", "{B236DCCB-12DB-4C0D-8EE7-B030066B7198}"
EndProject
Project("{FAE04EC0-301F-11D3-BF4B-00C04F79EFBC}") = "APIparcial", "APIparcial\APIparcial.csproj", "{669E6FEC-5FA0-48B1-BA7E-652EFBEBAFFA}"
EndProject
Global
	GlobalSection(SolutionConfigurationPlatforms) = preSolution
		Debug|Any CPU = Debug|Any CPU
		Release|Any CPU = Release|Any CPU
	EndGlobalSection
	GlobalSection(ProjectConfigurationPlatforms) = postSolution
		{B236DCCB-12DB-4C0D-8EE7-B030066B7198}.Debug|Any CPU.ActiveCfg = Debug|Any CPU
		{B236DCCB-12DB-4C0D-8EE7-B030066B7198}.Debug|Any CPU.Build.0 = Debug|Any CPU
		{B236DCCB-12DB-4C0D-8EE7-B030066B7198}.Release|Any CPU.ActiveCfg = Release|Any CPU
		{B236DCCB-12DB-4C0D-8EE7-B030066B7198}.Release|Any CPU.Build.0 = Release|Any CPU
		{669E6FEC-5FA0-48B1-BA7E-652EFBEBAFFA}.Debug|Any CPU.ActiveCfg = Debug|Any CPU
		{669E6FEC-5FA0-48B1-BA7E-652EFBEBAFFA}.Debug|Any CPU.Build.0 = Debug|Any CPU
		{669E6FEC-5FA0-48B1-BA7E-652EFBEBAFFA}.Release|Any CPU.ActiveCfg = Release|Any CPU
		{669E6FEC-5FA0-48B1-BA7E-652EFBEBAFFA}.Release|Any CPU.Build.0 = Release|Any CPU
	EndGlobalSection
	GlobalSection(SolutionProperties) = preSolution
		HideSolutionNode = FALSE
	EndGlobalSection
	GlobalSection(ExtensibilityGlobals) = postSolution
		SolutionGuid = {3A322870-984A-4487-9F59-10B06922797C}
	EndGlobalSection
EndGlobal
